
Microsoft Visual Studio Solution File, Format Version 12.00
# Visual Studio Version 17
VisualStudioVersion = 17.14.36518.9 d17.14
MinimumVisualStudioVersion = 10.0.40219.1
Project("{8BC9CEB8-8B4A-11D0-8D11-00A0C91BC942}") = "matrixmultdividandconq", "matrixmultdividandconq\matrixmultdividandconq.vcxproj", "{01461BF7-0599-44BF-A021-4F736A498EFF}"
EndProject
Global
	GlobalSection(SolutionConfigurationPlatforms) = preSolution
		Debug|x64 = Debug|x64
		Debug|x86 = Debug|x86
		Release|x64 = Release|x64
		Release|x86 = Release|x86
	EndGlobalSection
	GlobalSection(ProjectConfigurationPlatforms) = postSolution
		{01461BF7-0599-44BF-A021-4F736A498EFF}.Debug|x64.ActiveCfg = Debug|x64
		{01461BF7-0599-44BF-A021-4F736A498EFF}.Debug|x64.Build.0 = Debug|x64
		{01461BF7-0599-44BF-A021-4F736A498EFF}.Debug|x86.ActiveCfg = Debug|Win32
		{01461BF7-0599-44BF-A021-4F736A498EFF}.Debug|x86.Build.0 = Debug|Win32
		{01461BF7-0599-44BF-A021-4F736A498EFF}.Release|x64.ActiveCfg = Release|x64
		{01461BF7-0599-44BF-A021-4F736A498EFF}.Release|x64.Build.0 = Release|x64
		{01461BF7-0599-44BF-A021-4F736A498EFF}.Release|x86.ActiveCfg = Release|Win32
		{01461BF7-0599-44BF-A021-4F736A498EFF}.Release|x86.Build.0 = Release|Win32
	EndGlobalSection
	GlobalSection(SolutionProperties) = preSolution
		HideSolutionNode = FALSE
	EndGlobalSection
	GlobalSection(ExtensibilityGlobals) = postSolution
		SolutionGuid = {CF0F6EFC-897E-4B15-80CB-9A5DCB2897E9}
	EndGlobalSection
EndGlobal
